
Microsoft Visual Studio Solution File, Format Version 12.00
# Visual Studio 15
VisualStudioVersion = 15.0.28010.2036
MinimumVisualStudioVersion = 10.0.40219.1
Project("{FAE04EC0-301F-11D3-BF4B-00C04F79EFBC}") = "Papizz", "WebApplication1\Papizz.csproj", "{855F1A3C-5492-4A94-931B-46B17F7094E6}"
EndProject
Global
	GlobalSection(SolutionConfigurationPlatforms) = preSolution
		Debug|Any CPU = Debug|Any CPU
		Release|Any CPU = Release|Any CPU
	EndGlobalSection
	GlobalSection(ProjectConfigurationPlatforms) = postSolution
		{855F1A3C-5492-4A94-931B-46B17F7094E6}.Debug|Any CPU.ActiveCfg = Debug|Any CPU
		{855F1A3C-5492-4A94-931B-46B17F7094E6}.Debug|Any CPU.Build.0 = Debug|Any CPU
		{855F1A3C-5492-4A94-931B-46B17F7094E6}.Release|Any CPU.ActiveCfg = Release|Any CPU
		{855F1A3C-5492-4A94-931B-46B17F7094E6}.Release|Any CPU.Build.0 = Release|Any CPU
	EndGlobalSection
	GlobalSection(SolutionProperties) = preSolution
		HideSolutionNode = FALSE
	EndGlobalSection
	GlobalSection(ExtensibilityGlobals) = postSolution
		SolutionGuid = {E003F94C-5A27-4890-82D1-7FEED791FA2B}
	EndGlobalSection
EndGlobal
